Microsoft Visual Studio Solution File, Format Version 12.00
# Visual Studio Version 17
VisualStudioVersion = 17.5.2.0
MinimumVisualStudioVersion = 10.0.40219.1
Project("{FAE04EC0-301F-11D3-BF4B-00C04F79EFBC}") = "challengOne", "challengOne\challengOne.csproj", "{CACABDFE-C6F7-13B9-F9E5-BA5126104672}"
EndProject
Project("{FAE04EC0-301F-11D3-BF4B-00C04F79EFBC}") = "scems", "scems\scems.csproj", "{7D4755ED-98EF-25CF-EC87-D8E981CC8B78}"
EndProject
Global
	GlobalSection(SolutionConfigurationPlatforms) = preSolution
		Debug|Any CPU = Debug|Any CPU
		Release|Any CPU = Release|Any CPU
	EndGlobalSection
	GlobalSection(ProjectConfigurationPlatforms) = postSolution
		{CACABDFE-C6F7-13B9-F9E5-BA5126104672}.Debug|Any CPU.ActiveCfg = Debug|Any CPU
		{CACABDFE-C6F7-13B9-F9E5-BA5126104672}.Debug|Any CPU.Build.0 = Debug|Any CPU
		{CACABDFE-C6F7-13B9-F9E5-BA5126104672}.Release|Any CPU.ActiveCfg = Release|Any CPU
		{CACABDFE-C6F7-13B9-F9E5-BA5126104672}.Release|Any CPU.Build.0 = Release|Any CPU
		{7D4755ED-98EF-25CF-EC87-D8E981CC8B78}.Debug|Any CPU.ActiveCfg = Debug|Any CPU
		{7D4755ED-98EF-25CF-EC87-D8E981CC8B78}.Debug|Any CPU.Build.0 = Debug|Any CPU
		{7D4755ED-98EF-25CF-EC87-D8E981CC8B78}.Release|Any CPU.ActiveCfg = Release|Any CPU
		{7D4755ED-98EF-25CF-EC87-D8E981CC8B78}.Release|Any CPU.Build.0 = Release|Any CPU
	EndGlobalSection
	GlobalSection(SolutionProperties) = preSolution
		HideSolutionNode = FALSE
	EndGlobalSection
	GlobalSection(ExtensibilityGlobals) = postSolution
		SolutionGuid = {E2381E5D-2BBA-4C2D-AFF1-FB12B95A3004}
	EndGlobalSection
EndGlobal
